
Microsoft Visual Studio Solution File, Format Version 12.00
# Visual Studio Version 17
VisualStudioVersion = 17.14.36310.24
MinimumVisualStudioVersion = 10.0.40219.1
Project("{FAE04EC0-301F-11D3-BF4B-00C04F79EFBC}") = "AgentPomodoro", "AgentPomodoro\AgentPomodoro.csproj", "{AACB1BA5-4BE8-4045-8302-75E129A9D2F8}"
EndProject
Project("{FAE04EC0-301F-11D3-BF4B-00C04F79EFBC}") = "PluginContracts", "PluginContracts\PluginContracts.csproj", "{65D74B98-4B89-4256-8BF5-BFCFE0D28468}"
EndProject
Project("{FAE04EC0-301F-11D3-BF4B-00C04F79EFBC}") = "TimerPlugin", "TimerPlugin\TimerPlugin.csproj", "{E4DA27C2-CFBB-4E79-A3E4-6FB24C68B969}"
EndProject
Global
	GlobalSection(SolutionConfigurationPlatforms) = preSolution
		Debug|Any CPU = Debug|Any CPU
		Release|Any CPU = Release|Any CPU
	EndGlobalSection
	GlobalSection(ProjectConfigurationPlatforms) = postSolution
		{AACB1BA5-4BE8-4045-8302-75E129A9D2F8}.Debug|Any CPU.ActiveCfg = Debug|Any CPU
		{AACB1BA5-4BE8-4045-8302-75E129A9D2F8}.Debug|Any CPU.Build.0 = Debug|Any CPU
		{AACB1BA5-4BE8-4045-8302-75E129A9D2F8}.Release|Any CPU.ActiveCfg = Release|Any CPU
		{AACB1BA5-4BE8-4045-8302-75E129A9D2F8}.Release|Any CPU.Build.0 = Release|Any CPU
		{65D74B98-4B89-4256-8BF5-BFCFE0D28468}.Debug|Any CPU.ActiveCfg = Debug|Any CPU
		{65D74B98-4B89-4256-8BF5-BFCFE0D28468}.Debug|Any CPU.Build.0 = Debug|Any CPU
		{65D74B98-4B89-4256-8BF5-BFCFE0D28468}.Release|Any CPU.ActiveCfg = Release|Any CPU
		{65D74B98-4B89-4256-8BF5-BFCFE0D28468}.Release|Any CPU.Build.0 = Release|Any CPU
		{E4DA27C2-CFBB-4E79-A3E4-6FB24C68B969}.Debug|Any CPU.ActiveCfg = Debug|Any CPU
		{E4DA27C2-CFBB-4E79-A3E4-6FB24C68B969}.Debug|Any CPU.Build.0 = Debug|Any CPU
		{E4DA27C2-CFBB-4E79-A3E4-6FB24C68B969}.Release|Any CPU.ActiveCfg = Release|Any CPU
		{E4DA27C2-CFBB-4E79-A3E4-6FB24C68B969}.Release|Any CPU.Build.0 = Release|Any CPU
	EndGlobalSection
	GlobalSection(SolutionProperties) = preSolution
		HideSolutionNode = FALSE
	EndGlobalSection
	GlobalSection(ExtensibilityGlobals) = postSolution
		SolutionGuid = {F6AC727B-9B48-42A0-ACDC-49DABFDA0532}
	EndGlobalSection
EndGlobal
